// !$*UTF8*$!
{
	archiveVersion = 1;
	classes = {
	};
	objectVersion = 56;
	objects = {

/* Begin PBXBuildFile section */
		6706991D2B5FEC7E00B5DB4A /* AppDelegate.swift in Sources */ = {isa = PBXBuildFile; fileRef = 6706991C2B5FEC7E00B5DB4A /* AppDelegate.swift */; };
		6706991F2B5FEC7E00B5DB4A /* SceneDelegate.swift in Sources */ = {isa = PBXBuildFile; fileRef = 6706991E2B5FEC7E00B5DB4A /* SceneDelegate.swift */; };
		670699212B5FEC7E00B5DB4A /* UsersListViewController.swift in Sources */ = {isa = PBXBuildFile; fileRef = 670699202B5FEC7E00B5DB4A /* UsersListViewController.swift */; };
		670699272B5FEC7E00B5DB4A /* Users_App_UIKit.xcdatamodeld in Sources */ = {isa = PBXBuildFile; fileRef = 670699252B5FEC7E00B5DB4A /* Users_App_UIKit.xcdatamodeld */; };
		670699292B5FEC7F00B5DB4A /* Assets.xcassets in Resources */ = {isa = PBXBuildFile; fileRef = 670699282B5FEC7F00B5DB4A /* Assets.xcassets */; };
		670699432B5FEC7F00B5DB4A /* Uswers_App_UIKitUITestsLaunchTests.swift in Sources */ = {isa = PBXBuildFile; fileRef = 670699422B5FEC7F00B5DB4A /* Uswers_App_UIKitUITestsLaunchTests.swift */; };
		670699522B60020500B5DB4A /* CodableModels.swift in Sources */ = {isa = PBXBuildFile; fileRef = 670699512B60020500B5DB4A /* CodableModels.swift */; };
		670699542B6004AF00B5DB4A /* NetworkManagerUrlSession.swift in Sources */ = {isa = PBXBuildFile; fileRef = 670699532B6004AF00B5DB4A /* NetworkManagerUrlSession.swift */; };
		670699572B6005B800B5DB4A /* UITableView+Extension.swift in Sources */ = {isa = PBXBuildFile; fileRef = 670699562B6005B800B5DB4A /* UITableView+Extension.swift */; };
		670699622B63FA4900B5DB4A /* UserTableViewCell.swift in Sources */ = {isa = PBXBuildFile; fileRef = 670699602B63FA4900B5DB4A /* UserTableViewCell.swift */; };
		670699632B63FA4900B5DB4A /* UserTableViewCell.xib in Resources */ = {isa = PBXBuildFile; fileRef = 670699612B63FA4900B5DB4A /* UserTableViewCell.xib */; };
		670699652B63FCFD00B5DB4A /* UsersListPresenter.swift in Sources */ = {isa = PBXBuildFile; fileRef = 670699642B63FCFD00B5DB4A /* UsersListPresenter.swift */; };
		6769A8222B6FAC7500375C76 /* NetworkManager.swift in Sources */ = {isa = PBXBuildFile; fileRef = 6769A8212B6FAC7500375C76 /* NetworkManager.swift */; };
		6769A8242B6FACA800375C76 /* DataManager.swift in Sources */ = {isa = PBXBuildFile; fileRef = 6769A8232B6FACA800375C76 /* DataManager.swift */; };
		67A43B4B2B696FC300679AE6 /* Constants.swift in Sources */ = {isa = PBXBuildFile; fileRef = 67A43B4A2B696FC300679AE6 /* Constants.swift */; };
		67A43B4D2B6973CB00679AE6 /* NetworkManagerTests.swift in Sources */ = {isa = PBXBuildFile; fileRef = 67A43B4C2B6973CB00679AE6 /* NetworkManagerTests.swift */; };
		67A43B522B69759F00679AE6 /* URLSessionProtocol.swift in Sources */ = {isa = PBXBuildFile; fileRef = 67A43B512B69759F00679AE6 /* URLSessionProtocol.swift */; };
		67A43B542B69771900679AE6 /* MockURLProtocol.swift in Sources */ = {isa = PBXBuildFile; fileRef = 67A43B532B69771900679AE6 /* MockURLProtocol.swift */; };
		67A5368C2B66AAB600C53E26 /* CoreDataStack.swift in Sources */ = {isa = PBXBuildFile; fileRef = 67A5368B2B66AAB600C53E26 /* CoreDataStack.swift */; };
		67A536912B66ADA700C53E26 /* EntityConverter.swift in Sources */ = {isa = PBXBuildFile; fileRef = 67A536902B66ADA700C53E26 /* EntityConverter.swift */; };
		67A536932B66ADC300C53E26 /* UserEntityConverter.swift in Sources */ = {isa = PBXBuildFile; fileRef = 67A536922B66ADC300C53E26 /* UserEntityConverter.swift */; };
		67A536952B66ADE900C53E26 /* LocationEntityConverter.swift in Sources */ = {isa = PBXBuildFile; fileRef = 67A536942B66ADE900C53E26 /* LocationEntityConverter.swift */; };
		67A536972B66BBEB00C53E26 /* NameEntityConverter.swift in Sources */ = {isa = PBXBuildFile; fileRef = 67A536962B66BBEB00C53E26 /* NameEntityConverter.swift */; };
		67A536992B66BC0800C53E26 /* PictureEntityConverter.swift in Sources */ = {isa = PBXBuildFile; fileRef = 67A536982B66BC0800C53E26 /* PictureEntityConverter.swift */; };
		67A5369B2B66BFBC00C53E26 /* CoreDataManager.swift in Sources */ = {isa = PBXBuildFile; fileRef = 67A5369A2B66BFBC00C53E26 /* CoreDataManager.swift */; };
		67A5369D2B66CDFE00C53E26 /* UserUI.swift in Sources */ = {isa = PBXBuildFile; fileRef = 67A5369C2B66CDFE00C53E26 /* UserUI.swift */; };
		67A536A12B66CE6600C53E26 /* ToUIConverter.swift in Sources */ = {isa = PBXBuildFile; fileRef = 67A536A02B66CE6600C53E26 /* ToUIConverter.swift */; };
		67A536A32B66CECC00C53E26 /* UserEntityToUIConverter.swift in Sources */ = {isa = PBXBuildFile; fileRef = 67A536A22B66CECC00C53E26 /* UserEntityToUIConverter.swift */; };
		67A536A52B67FB4C00C53E26 /* UIImageView+Extension.swift in Sources */ = {isa = PBXBuildFile; fileRef = 67A536A42B67FB4C00C53E26 /* UIImageView+Extension.swift */; };
		67A536A72B6826AC00C53E26 /* URLConvertible.swift in Sources */ = {isa = PBXBuildFile; fileRef = 67A536A62B6826AC00C53E26 /* URLConvertible.swift */; };
		67A536AA2B682F3400C53E26 /* SettingsViewController.swift in Sources */ = {isa = PBXBuildFile; fileRef = 67A536A92B682F3400C53E26 /* SettingsViewController.swift */; };
		67A536AC2B682F7D00C53E26 /* UserDetailsViewController.swift in Sources */ = {isa = PBXBuildFile; fileRef = 67A536AB2B682F7D00C53E26 /* UserDetailsViewController.swift */; };
		67A536B22B68312100C53E26 /* UserDetailsViewModel.swift in Sources */ = {isa = PBXBuildFile; fileRef = 67A536B12B68312100C53E26 /* UserDetailsViewModel.swift */; };
		67A700CF2B6AC985008EC6E8 /* UserEntityConverterTests.swift in Sources */ = {isa = PBXBuildFile; fileRef = 67A700CE2B6AC985008EC6E8 /* UserEntityConverterTests.swift */; };
		67A700D12B6AC9E4008EC6E8 /* LocationEntityConverterTests.swift in Sources */ = {isa = PBXBuildFile; fileRef = 67A700D02B6AC9E4008EC6E8 /* LocationEntityConverterTests.swift */; };
		67A700D32B6BCC98008EC6E8 /* DataManagerTests.swift in Sources */ = {isa = PBXBuildFile; fileRef = 67A700D22B6BCC98008EC6E8 /* DataManagerTests.swift */; };
		67E7F1C42B6C016E00AEDC0D /* Uswers_App_UIKitUITests.swift in Sources */ = {isa = PBXBuildFile; fileRef = 670699402B5FEC7F00B5DB4A /* Uswers_App_UIKitUITests.swift */; };
		67E7F1C82B6E854100AEDC0D /* NetworkError.swift in Sources */ = {isa = PBXBuildFile; fileRef = 67E7F1C72B6E854100AEDC0D /* NetworkError.swift */; };
		67FDD4082B6FC019003DC8C9 /* ViewModel.swift in Sources */ = {isa = PBXBuildFile; fileRef = 67FDD4072B6FC019003DC8C9 /* ViewModel.swift */; };
		67FDD40B2B6FC0A3003DC8C9 /* UIFactory.swift in Sources */ = {isa = PBXBuildFile; fileRef = 67FDD40A2B6FC0A3003DC8C9 /* UIFactory.swift */; };
		67FDD40C2B6FD44C003DC8C9 /* Constants.swift in Sources */ = {isa = PBXBuildFile; fileRef = 67A43B4A2B696FC300679AE6 /* Constants.swift */; };
		67FDD40D2B6FD44D003DC8C9 /* Constants.swift in Sources */ = {isa = PBXBuildFile; fileRef = 67A43B4A2B696FC300679AE6 /* Constants.swift */; };
		67FDD40F2B6FE794003DC8C9 /* FullScreenImageViewController.swift in Sources */ = {isa = PBXBuildFile; fileRef = 67FDD40E2B6FE794003DC8C9 /* FullScreenImageViewController.swift */; };
		67FDD4112B6FE872003DC8C9 /* FullScreenImageViewModel.swift in Sources */ = {isa = PBXBuildFile; fileRef = 67FDD4102B6FE872003DC8C9 /* FullScreenImageViewModel.swift */; };
/* End PBXBuildFile section */

/* Begin PBXContainerItemProxy section */
		670699332B5FEC7F00B5DB4A /* PBXContainerItemProxy */ = {
			isa = PBXContainerItemProxy;
			containerPortal = 670699112B5FEC7E00B5DB4A /* Project object */;
			proxyType = 1;
			remoteGlobalIDString = 670699182B5FEC7E00B5DB4A;
			remoteInfo = "Uswers App UIKit";
		};
		6706993D2B5FEC7F00B5DB4A /* PBXContainerItemProxy */ = {
			isa = PBXContainerItemProxy;
			containerPortal = 670699112B5FEC7E00B5DB4A /* Project object */;
			proxyType = 1;
			remoteGlobalIDString = 670699182B5FEC7E00B5DB4A;
			remoteInfo = "Uswers App UIKit";
		};
/* End PBXContainerItemProxy section */

/* Begin PBXFileReference section */
		670699192B5FEC7E00B5DB4A /* Random Users UIKit.app */ = {isa = PBXFileReference; explicitFileType = wrapper.application; includeInIndex = 0; path = "Random Users UIKit.app"; sourceTree = BUILT_PRODUCTS_DIR; };
		6706991C2B5FEC7E00B5DB4A /* AppDelegate.swift */ = {isa = PBXFileReference; lastKnownFileType = sourcecode.swift; path = AppDelegate.swift; sourceTree = "<group>"; };
		6706991E2B5FEC7E00B5DB4A /* SceneDelegate.swift */ = {isa = PBXFileReference; lastKnownFileType = sourcecode.swift; path = SceneDelegate.swift; sourceTree = "<group>"; };
		670699202B5FEC7E00B5DB4A /* UsersListViewController.swift */ = {isa = PBXFileReference; lastKnownFileType = sourcecode.swift; path = UsersListViewController.swift; sourceTree = "<group>"; };
		670699262B5FEC7E00B5DB4A /* Uswers_App_UIKit.xcdatamodel */ = {isa = PBXFileReference; lastKnownFileType = wrapper.xcdatamodel; path = Uswers_App_UIKit.xcdatamodel; sourceTree = "<group>"; };
		670699282B5FEC7F00B5DB4A /* Assets.xcassets */ = {isa = PBXFileReference; lastKnownFileType = folder.assetcatalog; path = Assets.xcassets; sourceTree = "<group>"; };
		6706992D2B5FEC7F00B5DB4A /* Info.plist */ = {isa = PBXFileReference; lastKnownFileType = text.plist.xml; path = Info.plist; sourceTree = "<group>"; };
		670699322B5FEC7F00B5DB4A /* Random Users UIKitTests.xctest */ = {isa = PBXFileReference; explicitFileType = wrapper.cfbundle; includeInIndex = 0; path = "Random Users UIKitTests.xctest"; sourceTree = BUILT_PRODUCTS_DIR; };
		6706993C2B5FEC7F00B5DB4A /* Random Users UIKitUITests.xctest */ = {isa = PBXFileReference; explicitFileType = wrapper.cfbundle; includeInIndex = 0; path = "Random Users UIKitUITests.xctest"; sourceTree = BUILT_PRODUCTS_DIR; };
		670699402B5FEC7F00B5DB4A /* Uswers_App_UIKitUITests.swift */ = {isa = PBXFileReference; lastKnownFileType = sourcecode.swift; path = Uswers_App_UIKitUITests.swift; sourceTree = "<group>"; };
		670699422B5FEC7F00B5DB4A /* Uswers_App_UIKitUITestsLaunchTests.swift */ = {isa = PBXFileReference; lastKnownFileType = sourcecode.swift; path = Uswers_App_UIKitUITestsLaunchTests.swift; sourceTree = "<group>"; };
		670699512B60020500B5DB4A /* CodableModels.swift */ = {isa = PBXFileReference; lastKnownFileType = sourcecode.swift; path = CodableModels.swift; sourceTree = "<group>"; };
		670699532B6004AF00B5DB4A /* NetworkManagerUrlSession.swift */ = {isa = PBXFileReference; lastKnownFileType = sourcecode.swift; path = NetworkManagerUrlSession.swift; sourceTree = "<group>"; };
		670699562B6005B800B5DB4A /* UITableView+Extension.swift */ = {isa = PBXFileReference; lastKnownFileType = sourcecode.swift; path = "UITableView+Extension.swift"; sourceTree = "<group>"; };
		670699602B63FA4900B5DB4A /* UserTableViewCell.swift */ = {isa = PBXFileReference; lastKnownFileType = sourcecode.swift; path = UserTableViewCell.swift; sourceTree = "<group>"; };
		670699612B63FA4900B5DB4A /* UserTableViewCell.xib */ = {isa = PBXFileReference; lastKnownFileType = file.xib; path = UserTableViewCell.xib; sourceTree = "<group>"; };
		670699642B63FCFD00B5DB4A /* UsersListPresenter.swift */ = {isa = PBXFileReference; lastKnownFileType = sourcecode.swift; path = UsersListPresenter.swift; sourceTree = "<group>"; };
		6769A8212B6FAC7500375C76 /* NetworkManager.swift */ = {isa = PBXFileReference; lastKnownFileType = sourcecode.swift; path = NetworkManager.swift; sourceTree = "<group>"; };
		6769A8232B6FACA800375C76 /* DataManager.swift */ = {isa = PBXFileReference; lastKnownFileType = sourcecode.swift; path = DataManager.swift; sourceTree = "<group>"; };
		67A43B4A2B696FC300679AE6 /* Constants.swift */ = {isa = PBXFileReference; lastKnownFileType = sourcecode.swift; path = Constants.swift; sourceTree = "<group>"; };
		67A43B4C2B6973CB00679AE6 /* NetworkManagerTests.swift */ = {isa = PBXFileReference; lastKnownFileType = sourcecode.swift; path = NetworkManagerTests.swift; sourceTree = "<group>"; };
		67A43B512B69759F00679AE6 /* URLSessionProtocol.swift */ = {isa = PBXFileReference; lastKnownFileType = sourcecode.swift; path = URLSessionProtocol.swift; sourceTree = "<group>"; };
		67A43B532B69771900679AE6 /* MockURLProtocol.swift */ = {isa = PBXFileReference; lastKnownFileType = sourcecode.swift; path = MockURLProtocol.swift; sourceTree = "<group>"; };
		67A5368B2B66AAB600C53E26 /* CoreDataStack.swift */ = {isa = PBXFileReference; lastKnownFileType = sourcecode.swift; path = CoreDataStack.swift; sourceTree = "<group>"; };
		67A536902B66ADA700C53E26 /* EntityConverter.swift */ = {isa = PBXFileReference; lastKnownFileType = sourcecode.swift; path = EntityConverter.swift; sourceTree = "<group>"; };
		67A536922B66ADC300C53E26 /* UserEntityConverter.swift */ = {isa = PBXFileReference; lastKnownFileType = sourcecode.swift; path = UserEntityConverter.swift; sourceTree = "<group>"; };
		67A536942B66ADE900C53E26 /* LocationEntityConverter.swift */ = {isa = PBXFileReference; lastKnownFileType = sourcecode.swift; path = LocationEntityConverter.swift; sourceTree = "<group>"; };
		67A536962B66BBEB00C53E26 /* NameEntityConverter.swift */ = {isa = PBXFileReference; lastKnownFileType = sourcecode.swift; path = NameEntityConverter.swift; sourceTree = "<group>"; };
		67A536982B66BC0800C53E26 /* PictureEntityConverter.swift */ = {isa = PBXFileReference; lastKnownFileType = sourcecode.swift; path = PictureEntityConverter.swift; sourceTree = "<group>"; };
		67A5369A2B66BFBC00C53E26 /* CoreDataManager.swift */ = {isa = PBXFileReference; lastKnownFileType = sourcecode.swift; path = CoreDataManager.swift; sourceTree = "<group>"; };
		67A5369C2B66CDFE00C53E26 /* UserUI.swift */ = {isa = PBXFileReference; lastKnownFileType = sourcecode.swift; path = UserUI.swift; sourceTree = "<group>"; };
		67A536A02B66CE6600C53E26 /* ToUIConverter.swift */ = {isa = PBXFileReference; lastKnownFileType = sourcecode.swift; path = ToUIConverter.swift; sourceTree = "<group>"; };
		67A536A22B66CECC00C53E26 /* UserEntityToUIConverter.swift */ = {isa = PBXFileReference; lastKnownFileType = sourcecode.swift; path = UserEntityToUIConverter.swift; sourceTree = "<group>"; };
		67A536A42B67FB4C00C53E26 /* UIImageView+Extension.swift */ = {isa = PBXFileReference; lastKnownFileType = sourcecode.swift; path = "UIImageView+Extension.swift"; sourceTree = "<group>"; };
		67A536A62B6826AC00C53E26 /* URLConvertible.swift */ = {isa = PBXFileReference; lastKnownFileType = sourcecode.swift; path = URLConvertible.swift; sourceTree = "<group>"; };
		67A536A92B682F3400C53E26 /* SettingsViewController.swift */ = {isa = PBXFileReference; lastKnownFileType = sourcecode.swift; path = SettingsViewController.swift; sourceTree = "<group>"; };
		67A536AB2B682F7D00C53E26 /* UserDetailsViewController.swift */ = {isa = PBXFileReference; lastKnownFileType = sourcecode.swift; path = UserDetailsViewController.swift; sourceTree = "<group>"; };
		67A536B12B68312100C53E26 /* UserDetailsViewModel.swift */ = {isa = PBXFileReference; lastKnownFileType = sourcecode.swift; path = UserDetailsViewModel.swift; sourceTree = "<group>"; };
		67A700CE2B6AC985008EC6E8 /* UserEntityConverterTests.swift */ = {isa = PBXFileReference; lastKnownFileType = sourcecode.swift; path = UserEntityConverterTests.swift; sourceTree = "<group>"; };
		67A700D02B6AC9E4008EC6E8 /* LocationEntityConverterTests.swift */ = {isa = PBXFileReference; lastKnownFileType = sourcecode.swift; path = LocationEntityConverterTests.swift; sourceTree = "<group>"; };
		67A700D22B6BCC98008EC6E8 /* DataManagerTests.swift */ = {isa = PBXFileReference; lastKnownFileType = sourcecode.swift; path = DataManagerTests.swift; sourceTree = "<group>"; };
		67E7F1C72B6E854100AEDC0D /* NetworkError.swift */ = {isa = PBXFileReference; lastKnownFileType = sourcecode.swift; path = NetworkError.swift; sourceTree = "<group>"; };
		67FDD4072B6FC019003DC8C9 /* ViewModel.swift */ = {isa = PBXFileReference; lastKnownFileType = sourcecode.swift; path = ViewModel.swift; sourceTree = "<group>"; };
		67FDD40A2B6FC0A3003DC8C9 /* UIFactory.swift */ = {isa = PBXFileReference; lastKnownFileType = sourcecode.swift; path = UIFactory.swift; sourceTree = "<group>"; };
		67FDD40E2B6FE794003DC8C9 /* FullScreenImageViewController.swift */ = {isa = PBXFileReference; lastKnownFileType = sourcecode.swift; path = FullScreenImageViewController.swift; sourceTree = "<group>"; };
		67FDD4102B6FE872003DC8C9 /* FullScreenImageViewModel.swift */ = {isa = PBXFileReference; lastKnownFileType = sourcecode.swift; path = FullScreenImageViewModel.swift; sourceTree = "<group>"; };
/* End PBXFileReference section */

/* Begin PBXFrameworksBuildPhase section */
		670699162B5FEC7E00B5DB4A /* Frameworks */ = {
			isa = PBXFrameworksBuildPhase;
			buildActionMask = 2147483647;
			files = (
			);
			runOnlyForDeploymentPostprocessing = 0;
		};
		6706992F2B5FEC7F00B5DB4A /* Frameworks */ = {
			isa = PBXFrameworksBuildPhase;
			buildActionMask = 2147483647;
			files = (
			);
			runOnlyForDeploymentPostprocessing = 0;
		};
		670699392B5FEC7F00B5DB4A /* Frameworks */ = {
			isa = PBXFrameworksBuildPhase;
			buildActionMask = 2147483647;
			files = (
			);
			runOnlyForDeploymentPostprocessing = 0;
		};
/* End PBXFrameworksBuildPhase section */

/* Begin PBXGroup section */
		670699102B5FEC7E00B5DB4A = {
			isa = PBXGroup;
			children = (
				6706991B2B5FEC7E00B5DB4A /* Uswers App UIKit */,
				670699352B5FEC7F00B5DB4A /* Users App UIKitTests */,
				6706993F2B5FEC7F00B5DB4A /* Users App UIKitUITests */,
				6706991A2B5FEC7E00B5DB4A /* Products */,
			);
			sourceTree = "<group>";
		};
		6706991A2B5FEC7E00B5DB4A /* Products */ = {
			isa = PBXGroup;
			children = (
				670699192B5FEC7E00B5DB4A /* Random Users UIKit.app */,
				670699322B5FEC7F00B5DB4A /* Random Users UIKitTests.xctest */,
				6706993C2B5FEC7F00B5DB4A /* Random Users UIKitUITests.xctest */,
			);
			name = Products;
			sourceTree = "<group>";
		};
		6706991B2B5FEC7E00B5DB4A /* Uswers App UIKit */ = {
			isa = PBXGroup;
			children = (
				6706994F2B5FEC8500B5DB4A /* Application */,
				67A536A82B682F1E00C53E26 /* Features */,
				67FDD4092B6FC093003DC8C9 /* UserInterface */,
				67A5368D2B66AD8300C53E26 /* Data */,
				670699552B6005A300B5DB4A /* Extensions */,
				6769A8252B6FBFDB00375C76 /* Wrappers */,
				6706992D2B5FEC7F00B5DB4A /* Info.plist */,
			);
			path = "Uswers App UIKit";
			sourceTree = "<group>";
		};
		670699352B5FEC7F00B5DB4A /* Users App UIKitTests */ = {
			isa = PBXGroup;
			children = (
				67A43B4F2B69751000679AE6 /* Tests */,
				67A43B4E2B6974FB00679AE6 /* Mocks */,
			);
			path = "Users App UIKitTests";
			sourceTree = "<group>";
		};
		6706993F2B5FEC7F00B5DB4A /* Users App UIKitUITests */ = {
			isa = PBXGroup;
			children = (
				670699402B5FEC7F00B5DB4A /* Uswers_App_UIKitUITests.swift */,
				670699422B5FEC7F00B5DB4A /* Uswers_App_UIKitUITestsLaunchTests.swift */,
			);
			path = "Users App UIKitUITests";
			sourceTree = "<group>";
		};
		6706994F2B5FEC8500B5DB4A /* Application */ = {
			isa = PBXGroup;
			children = (
				6706991C2B5FEC7E00B5DB4A /* AppDelegate.swift */,
				6706991E2B5FEC7E00B5DB4A /* SceneDelegate.swift */,
				670699282B5FEC7F00B5DB4A /* Assets.xcassets */,
				67A43B4A2B696FC300679AE6 /* Constants.swift */,
			);
			path = Application;
			sourceTree = "<group>";
		};
		670699502B6001F500B5DB4A /* Models */ = {
			isa = PBXGroup;
			children = (
				670699512B60020500B5DB4A /* CodableModels.swift */,
				67A5369C2B66CDFE00C53E26 /* UserUI.swift */,
			);
			path = Models;
			sourceTree = "<group>";
		};
		670699552B6005A300B5DB4A /* Extensions */ = {
			isa = PBXGroup;
			children = (
				670699562B6005B800B5DB4A /* UITableView+Extension.swift */,
				67A536A42B67FB4C00C53E26 /* UIImageView+Extension.swift */,
				67A536A62B6826AC00C53E26 /* URLConvertible.swift */,
			);
			path = Extensions;
			sourceTree = "<group>";
		};
		6706995B2B62D78200B5DB4A /* Cells */ = {
			isa = PBXGroup;
			children = (
				670699602B63FA4900B5DB4A /* UserTableViewCell.swift */,
				670699612B63FA4900B5DB4A /* UserTableViewCell.xib */,
			);
			path = Cells;
			sourceTree = "<group>";
		};
		6769A8202B6FAC6600375C76 /* Implementation */ = {
			isa = PBXGroup;
			children = (
				670699532B6004AF00B5DB4A /* NetworkManagerUrlSession.swift */,
				67A5369A2B66BFBC00C53E26 /* CoreDataManager.swift */,
			);
			path = Implementation;
			sourceTree = "<group>";
		};
		6769A8252B6FBFDB00375C76 /* Wrappers */ = {
			isa = PBXGroup;
			children = (
				67FDD4072B6FC019003DC8C9 /* ViewModel.swift */,
			);
			path = Wrappers;
			sourceTree = "<group>";
		};
		67A43B4E2B6974FB00679AE6 /* Mocks */ = {
			isa = PBXGroup;
			children = (
				67A43B532B69771900679AE6 /* MockURLProtocol.swift */,
			);
			path = Mocks;
			sourceTree = "<group>";
		};
		67A43B4F2B69751000679AE6 /* Tests */ = {
			isa = PBXGroup;
			children = (
				67A700CB2B6AC93B008EC6E8 /* Converters */,
				67A43B4C2B6973CB00679AE6 /* NetworkManagerTests.swift */,
				67A700D22B6BCC98008EC6E8 /* DataManagerTests.swift */,
			);
			path = Tests;
			sourceTree = "<group>";
		};
		67A43B502B69758300679AE6 /* Networking */ = {
			isa = PBXGroup;
			children = (
				67A43B512B69759F00679AE6 /* URLSessionProtocol.swift */,
			);
			path = Networking;
			sourceTree = "<group>";
		};
		67A5368D2B66AD8300C53E26 /* Data */ = {
			isa = PBXGroup;
			children = (
				67A700DA2B6BF85B008EC6E8 /* Services */,
				67A43B502B69758300679AE6 /* Networking */,
				670699502B6001F500B5DB4A /* Models */,
				67A5368F2B66AD9600C53E26 /* Converter */,
				67A5368E2B66AD8D00C53E26 /* CoreData */,
				67E7F1C72B6E854100AEDC0D /* NetworkError.swift */,
			);
			path = Data;
			sourceTree = "<group>";
		};
		67A5368E2B66AD8D00C53E26 /* CoreData */ = {
			isa = PBXGroup;
			children = (
				67A5368B2B66AAB600C53E26 /* CoreDataStack.swift */,
				670699252B5FEC7E00B5DB4A /* Users_App_UIKit.xcdatamodeld */,
			);
			path = CoreData;
			sourceTree = "<group>";
		};
		67A5368F2B66AD9600C53E26 /* Converter */ = {
			isa = PBXGroup;
			children = (
				67A5369F2B66CE4300C53E26 /* ToUIModel */,
				67A5369E2B66CE3500C53E26 /* ToEntity */,
			);
			path = Converter;
			sourceTree = "<group>";
		};
		67A5369E2B66CE3500C53E26 /* ToEntity */ = {
			isa = PBXGroup;
			children = (
				67A536902B66ADA700C53E26 /* EntityConverter.swift */,
				67A536922B66ADC300C53E26 /* UserEntityConverter.swift */,
				67A536942B66ADE900C53E26 /* LocationEntityConverter.swift */,
				67A536962B66BBEB00C53E26 /* NameEntityConverter.swift */,
				67A536982B66BC0800C53E26 /* PictureEntityConverter.swift */,
			);
			path = ToEntity;
			sourceTree = "<group>";
		};
		67A5369F2B66CE4300C53E26 /* ToUIModel */ = {
			isa = PBXGroup;
			children = (
				67A536A02B66CE6600C53E26 /* ToUIConverter.swift */,
				67A536A22B66CECC00C53E26 /* UserEntityToUIConverter.swift */,
			);
			path = ToUIModel;
			sourceTree = "<group>";
		};
		67A536A82B682F1E00C53E26 /* Features */ = {
			isa = PBXGroup;
			children = (
				67A536AF2B6830F700C53E26 /* ViewControllers */,
				67A536B02B68310200C53E26 /* Presenters */,
			);
			path = Features;
			sourceTree = "<group>";
		};
		67A536AF2B6830F700C53E26 /* ViewControllers */ = {
			isa = PBXGroup;
			children = (
				67A536A92B682F3400C53E26 /* SettingsViewController.swift */,
				670699202B5FEC7E00B5DB4A /* UsersListViewController.swift */,
				67A536AB2B682F7D00C53E26 /* UserDetailsViewController.swift */,
				67FDD40E2B6FE794003DC8C9 /* FullScreenImageViewController.swift */,
			);
			path = ViewControllers;
			sourceTree = "<group>";
		};
		67A536B02B68310200C53E26 /* Presenters */ = {
			isa = PBXGroup;
			children = (
				670699642B63FCFD00B5DB4A /* UsersListPresenter.swift */,
				67A536B12B68312100C53E26 /* UserDetailsViewModel.swift */,
				67FDD4102B6FE872003DC8C9 /* FullScreenImageViewModel.swift */,
			);
			path = Presenters;
			sourceTree = "<group>";
		};
		67A700CB2B6AC93B008EC6E8 /* Converters */ = {
			isa = PBXGroup;
			children = (
				67A700CE2B6AC985008EC6E8 /* UserEntityConverterTests.swift */,
				67A700D02B6AC9E4008EC6E8 /* LocationEntityConverterTests.swift */,
			);
			path = Converters;
			sourceTree = "<group>";
		};
		67A700DA2B6BF85B008EC6E8 /* Services */ = {
			isa = PBXGroup;
			children = (
				6769A8202B6FAC6600375C76 /* Implementation */,
				6769A8212B6FAC7500375C76 /* NetworkManager.swift */,
				6769A8232B6FACA800375C76 /* DataManager.swift */,
			);
			path = Services;
			sourceTree = "<group>";
		};
		67FDD4092B6FC093003DC8C9 /* UserInterface */ = {
			isa = PBXGroup;
			children = (
				6706995B2B62D78200B5DB4A /* Cells */,
				67FDD40A2B6FC0A3003DC8C9 /* UIFactory.swift */,
			);
			path = UserInterface;
			sourceTree = "<group>";
		};
/* End PBXGroup section */

/* Begin PBXNativeTarget section */
		670699182B5FEC7E00B5DB4A /* Random Users UIKit */ = {
			isa = PBXNativeTarget;
			buildConfigurationList = 670699462B5FEC7F00B5DB4A /* Build configuration list for PBXNativeTarget "Random Users UIKit" */;
			buildPhases = (
				670699152B5FEC7E00B5DB4A /* Sources */,
				670699162B5FEC7E00B5DB4A /* Frameworks */,
				670699172B5FEC7E00B5DB4A /* Resources */,
			);
			buildRules = (
			);
			dependencies = (
			);
			name = "Random Users UIKit";
			productName = "Uswers App UIKit";
			productReference = 670699192B5FEC7E00B5DB4A /* Random Users UIKit.app */;
			productType = "com.apple.product-type.application";
		};
		670699312B5FEC7F00B5DB4A /* Random Users UIKitTests */ = {
			isa = PBXNativeTarget;
			buildConfigurationList = 670699492B5FEC7F00B5DB4A /* Build configuration list for PBXNativeTarget "Random Users UIKitTests" */;
			buildPhases = (
				6706992E2B5FEC7F00B5DB4A /* Sources */,
				6706992F2B5FEC7F00B5DB4A /* Frameworks */,
				670699302B5FEC7F00B5DB4A /* Resources */,
			);
			buildRules = (
			);
			dependencies = (
				670699342B5FEC7F00B5DB4A /* PBXTargetDependency */,
			);
			name = "Random Users UIKitTests";
			productName = "Uswers App UIKitTests";
			productReference = 670699322B5FEC7F00B5DB4A /* Random Users UIKitTests.xctest */;
			productType = "com.apple.product-type.bundle.unit-test";
		};
		6706993B2B5FEC7F00B5DB4A /* Random Users UIKitUITests */ = {
			isa = PBXNativeTarget;
			buildConfigurationList = 6706994C2B5FEC7F00B5DB4A /* Build configuration list for PBXNativeTarget "Random Users UIKitUITests" */;
			buildPhases = (
				670699382B5FEC7F00B5DB4A /* Sources */,
				670699392B5FEC7F00B5DB4A /* Frameworks */,
				6706993A2B5FEC7F00B5DB4A /* Resources */,
			);
			buildRules = (
			);
			dependencies = (
				6706993E2B5FEC7F00B5DB4A /* PBXTargetDependency */,
			);
			name = "Random Users UIKitUITests";
			productName = "Uswers App UIKitUITests";
			productReference = 6706993C2B5FEC7F00B5DB4A /* Random Users UIKitUITests.xctest */;
			productType = "com.apple.product-type.bundle.ui-testing";
		};
/* End PBXNativeTarget section */

/* Begin PBXProject section */
		670699112B5FEC7E00B5DB4A /* Project object */ = {
			isa = PBXProject;
			attributes = {
				BuildIndependentTargetsInParallel = 1;
				LastSwiftUpdateCheck = 1520;
				LastUpgradeCheck = 1520;
				TargetAttributes = {
					670699182B5FEC7E00B5DB4A = {
						CreatedOnToolsVersion = 15.2;
					};
					670699312B5FEC7F00B5DB4A = {
						CreatedOnToolsVersion = 15.2;
						TestTargetID = 670699182B5FEC7E00B5DB4A;
					};
					6706993B2B5FEC7F00B5DB4A = {
						CreatedOnToolsVersion = 15.2;
						TestTargetID = 670699182B5FEC7E00B5DB4A;
					};
				};
			};
			buildConfigurationList = 670699142B5FEC7E00B5DB4A /* Build configuration list for PBXProject "Random Users UIKit" */;
			compatibilityVersion = "Xcode 14.0";
			developmentRegion = en;
			hasScannedForEncodings = 0;
			knownRegions = (
				en,
				Base,
			);
			mainGroup = 670699102B5FEC7E00B5DB4A;
			productRefGroup = 6706991A2B5FEC7E00B5DB4A /* Products */;
			projectDirPath = "";
			projectRoot = "";
			targets = (
				670699182B5FEC7E00B5DB4A /* Random Users UIKit */,
				670699312B5FEC7F00B5DB4A /* Random Users UIKitTests */,
				6706993B2B5FEC7F00B5DB4A /* Random Users UIKitUITests */,
			);
		};
/* End PBXProject section */

/* Begin PBXResourcesBuildPhase section */
		670699172B5FEC7E00B5DB4A /* Resources */ = {
			isa = PBXResourcesBuildPhase;
			buildActionMask = 2147483647;
			files = (
				670699632B63FA4900B5DB4A /* UserTableViewCell.xib in Resources */,
				670699292B5FEC7F00B5DB4A /* Assets.xcassets in Resources */,
			);
			runOnlyForDeploymentPostprocessing = 0;
		};
		670699302B5FEC7F00B5DB4A /* Resources */ = {
			isa = PBXResourcesBuildPhase;
			buildActionMask = 2147483647;
			files = (
			);
			runOnlyForDeploymentPostprocessing = 0;
		};
		6706993A2B5FEC7F00B5DB4A /* Resources */ = {
			isa = PBXResourcesBuildPhase;
			buildActionMask = 2147483647;
			files = (
			);
			runOnlyForDeploymentPostprocessing = 0;
		};
/* End PBXResourcesBuildPhase section */

/* Begin PBXSourcesBuildPhase section */
		670699152B5FEC7E00B5DB4A /* Sources */ = {
			isa = PBXSourcesBuildPhase;
			buildActionMask = 2147483647;
			files = (
				67A43B522B69759F00679AE6 /* URLSessionProtocol.swift in Sources */,
				6769A8242B6FACA800375C76 /* DataManager.swift in Sources */,
				67A536972B66BBEB00C53E26 /* NameEntityConverter.swift in Sources */,
				670699212B5FEC7E00B5DB4A /* UsersListViewController.swift in Sources */,
				6706991D2B5FEC7E00B5DB4A /* AppDelegate.swift in Sources */,
				67FDD40F2B6FE794003DC8C9 /* FullScreenImageViewController.swift in Sources */,
				67A43B542B69771900679AE6 /* MockURLProtocol.swift in Sources */,
				67A536A12B66CE6600C53E26 /* ToUIConverter.swift in Sources */,
				670699572B6005B800B5DB4A /* UITableView+Extension.swift in Sources */,
				6706991F2B5FEC7E00B5DB4A /* SceneDelegate.swift in Sources */,
				670699652B63FCFD00B5DB4A /* UsersListPresenter.swift in Sources */,
				67E7F1C82B6E854100AEDC0D /* NetworkError.swift in Sources */,
				67A43B4B2B696FC300679AE6 /* Constants.swift in Sources */,
				67A536A72B6826AC00C53E26 /* URLConvertible.swift in Sources */,
				67A5368C2B66AAB600C53E26 /* CoreDataStack.swift in Sources */,
				67A536952B66ADE900C53E26 /* LocationEntityConverter.swift in Sources */,
				67A536992B66BC0800C53E26 /* PictureEntityConverter.swift in Sources */,
				67A536B22B68312100C53E26 /* UserDetailsViewModel.swift in Sources */,
				67A536A52B67FB4C00C53E26 /* UIImageView+Extension.swift in Sources */,
				6769A8222B6FAC7500375C76 /* NetworkManager.swift in Sources */,
				67A536AC2B682F7D00C53E26 /* UserDetailsViewController.swift in Sources */,
				67A536932B66ADC300C53E26 /* UserEntityConverter.swift in Sources */,
				67FDD4112B6FE872003DC8C9 /* FullScreenImageViewModel.swift in Sources */,
				67FDD4082B6FC019003DC8C9 /* ViewModel.swift in Sources */,
				67A536AA2B682F3400C53E26 /* SettingsViewController.swift in Sources */,
				67A536A32B66CECC00C53E26 /* UserEntityToUIConverter.swift in Sources */,
				670699622B63FA4900B5DB4A /* UserTableViewCell.swift in Sources */,
				67FDD40B2B6FC0A3003DC8C9 /* UIFactory.swift in Sources */,
				67A536912B66ADA700C53E26 /* EntityConverter.swift in Sources */,
				670699272B5FEC7E00B5DB4A /* Users_App_UIKit.xcdatamodeld in Sources */,
				670699542B6004AF00B5DB4A /* NetworkManagerUrlSession.swift in Sources */,
				67A5369B2B66BFBC00C53E26 /* CoreDataManager.swift in Sources */,
				67A5369D2B66CDFE00C53E26 /* UserUI.swift in Sources */,
				670699522B60020500B5DB4A /* CodableModels.swift in Sources */,
			);
			runOnlyForDeploymentPostprocessing = 0;
		};
		6706992E2B5FEC7F00B5DB4A /* Sources */ = {
			isa = PBXSourcesBuildPhase;
			buildActionMask = 2147483647;
			files = (
				67FDD40D2B6FD44D003DC8C9 /* Constants.swift in Sources */,
				67A43B4D2B6973CB00679AE6 /* NetworkManagerTests.swift in Sources */,
				67A700D32B6BCC98008EC6E8 /* DataManagerTests.swift in Sources */,
				67A700D12B6AC9E4008EC6E8 /* LocationEntityConverterTests.swift in Sources */,
				67A700CF2B6AC985008EC6E8 /* UserEntityConverterTests.swift in Sources */,
			);
			runOnlyForDeploymentPostprocessing = 0;
		};
		670699382B5FEC7F00B5DB4A /* Sources */ = {
			isa = PBXSourcesBuildPhase;
			buildActionMask = 2147483647;
			files = (
				670699432B5FEC7F00B5DB4A /* Uswers_App_UIKitUITestsLaunchTests.swift in Sources */,
				67E7F1C42B6C016E00AEDC0D /* Uswers_App_UIKitUITests.swift in Sources */,
				67FDD40C2B6FD44C003DC8C9 /* Constants.swift in Sources */,
			);
			runOnlyForDeploymentPostprocessing = 0;
		};
/* End PBXSourcesBuildPhase section */

/* Begin PBXTargetDependency section */
		670699342B5FEC7F00B5DB4A /* PBXTargetDependency */ = {
			isa = PBXTargetDependency;
			target = 670699182B5FEC7E00B5DB4A /* Random Users UIKit */;
			targetProxy = 670699332B5FEC7F00B5DB4A /* PBXContainerItemProxy */;
		};
		6706993E2B5FEC7F00B5DB4A /* PBXTargetDependency */ = {
			isa = PBXTargetDependency;
			target = 670699182B5FEC7E00B5DB4A /* Random Users UIKit */;
			targetProxy = 6706993D2B5FEC7F00B5DB4A /* PBXContainerItemProxy */;
		};
/* End PBXTargetDependency section */

/* Begin XCBuildConfiguration section */
		670699442B5FEC7F00B5DB4A /* Debug */ = {
			isa = XCBuildConfiguration;
			buildSettings = {
				ALWAYS_SEARCH_USER_PATHS = NO;
				ASSETCATALOG_COMPILER_GENERATE_SWIFT_ASSET_SYMBOL_EXTENSIONS = YES;
				CLANG_ANALYZER_NONNULL = YES;
				CLANG_ANALYZER_NUMBER_OBJECT_CONVERSION = YES_AGGRESSIVE;
				CLANG_CXX_LANGUAGE_STANDARD = "gnu++20";
				CLANG_ENABLE_MODULES = YES;
				CLANG_ENABLE_OBJC_ARC = YES;
				CLANG_ENABLE_OBJC_WEAK = YES;
				CLANG_WARN_BLOCK_CAPTURE_AUTORELEASING = YES;
				CLANG_WARN_BOOL_CONVERSION = YES;
				CLANG_WARN_COMMA = YES;
				CLANG_WARN_CONSTANT_CONVERSION = YES;
				CLANG_WARN_DEPRECATED_OBJC_IMPLEMENTATIONS = YES;
				CLANG_WARN_DIRECT_OBJC_ISA_USAGE = YES_ERROR;
				CLANG_WARN_DOCUMENTATION_COMMENTS = YES;
				CLANG_WARN_EMPTY_BODY = YES;
				CLANG_WARN_ENUM_CONVERSION = YES;
				CLANG_WARN_INFINITE_RECURSION = YES;
				CLANG_WARN_INT_CONVERSION = YES;
				CLANG_WARN_NON_LITERAL_NULL_CONVERSION = YES;
				CLANG_WARN_OBJC_IMPLICIT_RETAIN_SELF = YES;
				CLANG_WARN_OBJC_LITERAL_CONVERSION = YES;
				CLANG_WARN_OBJC_ROOT_CLASS = YES_ERROR;
				CLANG_WARN_QUOTED_INCLUDE_IN_FRAMEWORK_HEADER = YES;
				CLANG_WARN_RANGE_LOOP_ANALYSIS = YES;
				CLANG_WARN_STRICT_PROTOTYPES = YES;
				CLANG_WARN_SUSPICIOUS_MOVE = YES;
				CLANG_WARN_UNGUARDED_AVAILABILITY = YES_AGGRESSIVE;
				CLANG_WARN_UNREACHABLE_CODE = YES;
				CLANG_WARN__DUPLICATE_METHOD_MATCH = YES;
				COPY_PHASE_STRIP = NO;
				DEBUG_INFORMATION_FORMAT = dwarf;
				ENABLE_STRICT_OBJC_MSGSEND = YES;
				ENABLE_TESTABILITY = YES;
				ENABLE_USER_SCRIPT_SANDBOXING = YES;
				GCC_C_LANGUAGE_STANDARD = gnu17;
				GCC_DYNAMIC_NO_PIC = NO;
				GCC_NO_COMMON_BLOCKS = YES;
				GCC_OPTIMIZATION_LEVEL = 0;
				GCC_PREPROCESSOR_DEFINITIONS = (
					"DEBUG=1",
					"$(inherited)",
				);
				GCC_WARN_64_TO_32_BIT_CONVERSION = YES;
				GCC_WARN_ABOUT_RETURN_TYPE = YES_ERROR;
				GCC_WARN_UNDECLARED_SELECTOR = YES;
				GCC_WARN_UNINITIALIZED_AUTOS = YES_AGGRESSIVE;
				GCC_WARN_UNUSED_FUNCTION = YES;
				GCC_WARN_UNUSED_VARIABLE = YES;
				IPHONEOS_DEPLOYMENT_TARGET = 17.2;
				LOCALIZATION_PREFERS_STRING_CATALOGS = YES;
				MTL_ENABLE_DEBUG_INFO = INCLUDE_SOURCE;
				MTL_FAST_MATH = YES;
				ONLY_ACTIVE_ARCH = YES;
				SDKROOT = iphoneos;
				SWIFT_ACTIVE_COMPILATION_CONDITIONS = "DEBUG $(inherited)";
				SWIFT_OPTIMIZATION_LEVEL = "-Onone";
			};
			name = Debug;
		};
		670699452B5FEC7F00B5DB4A /* Release */ = {
			isa = XCBuildConfiguration;
			buildSettings = {
				ALWAYS_SEARCH_USER_PATHS = NO;
				ASSETCATALOG_COMPILER_GENERATE_SWIFT_ASSET_SYMBOL_EXTENSIONS = YES;
				CLANG_ANALYZER_NONNULL = YES;
				CLANG_ANALYZER_NUMBER_OBJECT_CONVERSION = YES_AGGRESSIVE;
				CLANG_CXX_LANGUAGE_STANDARD = "gnu++20";
				CLANG_ENABLE_MODULES = YES;
				CLANG_ENABLE_OBJC_ARC = YES;
				CLANG_ENABLE_OBJC_WEAK = YES;
				CLANG_WARN_BLOCK_CAPTURE_AUTORELEASING = YES;
				CLANG_WARN_BOOL_CONVERSION = YES;
				CLANG_WARN_COMMA = YES;
				CLANG_WARN_CONSTANT_CONVERSION = YES;
				CLANG_WARN_DEPRECATED_OBJC_IMPLEMENTATIONS = YES;
				CLANG_WARN_DIRECT_OBJC_ISA_USAGE = YES_ERROR;
				CLANG_WARN_DOCUMENTATION_COMMENTS = YES;
				CLANG_WARN_EMPTY_BODY = YES;
				CLANG_WARN_ENUM_CONVERSION = YES;
				CLANG_WARN_INFINITE_RECURSION = YES;
				CLANG_WARN_INT_CONVERSION = YES;
				CLANG_WARN_NON_LITERAL_NULL_CONVERSION = YES;
				CLANG_WARN_OBJC_IMPLICIT_RETAIN_SELF = YES;
				CLANG_WARN_OBJC_LITERAL_CONVERSION = YES;
				CLANG_WARN_OBJC_ROOT_CLASS = YES_ERROR;
				CLANG_WARN_QUOTED_INCLUDE_IN_FRAMEWORK_HEADER = YES;
				CLANG_WARN_RANGE_LOOP_ANALYSIS = YES;
				CLANG_WARN_STRICT_PROTOTYPES = YES;
				CLANG_WARN_SUSPICIOUS_MOVE = YES;
				CLANG_WARN_UNGUARDED_AVAILABILITY = YES_AGGRESSIVE;
				CLANG_WARN_UNREACHABLE_CODE = YES;
				CLANG_WARN__DUPLICATE_METHOD_MATCH = YES;
				COPY_PHASE_STRIP = NO;
				DEBUG_INFORMATION_FORMAT = "dwarf-with-dsym";
				ENABLE_NS_ASSERTIONS = NO;
				ENABLE_STRICT_OBJC_MSGSEND = YES;
				ENABLE_USER_SCRIPT_SANDBOXING = YES;
				GCC_C_LANGUAGE_STANDARD = gnu17;
				GCC_NO_COMMON_BLOCKS = YES;
				GCC_WARN_64_TO_32_BIT_CONVERSION = YES;
				GCC_WARN_ABOUT_RETURN_TYPE = YES_ERROR;
				GCC_WARN_UNDECLARED_SELECTOR = YES;
				GCC_WARN_UNINITIALIZED_AUTOS = YES_AGGRESSIVE;
				GCC_WARN_UNUSED_FUNCTION = YES;
				GCC_WARN_UNUSED_VARIABLE = YES;
				IPHONEOS_DEPLOYMENT_TARGET = 17.2;
				LOCALIZATION_PREFERS_STRING_CATALOGS = YES;
				MTL_ENABLE_DEBUG_INFO = NO;
				MTL_FAST_MATH = YES;
				SDKROOT = iphoneos;
				SWIFT_COMPILATION_MODE = wholemodule;
				VALIDATE_PRODUCT = YES;
			};
			name = Release;
		};
		670699472B5FEC7F00B5DB4A /* Debug */ = {
			isa = XCBuildConfiguration;
			buildSettings = {
				ASSETCATALOG_COMPILER_APPICON_NAME = AppIcon;
				ASSETCATALOG_COMPILER_GLOBAL_ACCENT_COLOR_NAME = AccentColor;
				CODE_SIGN_STYLE = Automatic;
				CURRENT_PROJECT_VERSION = 1;
				DEVELOPMENT_TEAM = 5LHF76Y88Y;
				GENERATE_INFOPLIST_FILE = YES;
				INFOPLIST_FILE = "Uswers App UIKit/Info.plist";
				INFOPLIST_KEY_UIApplicationSupportsIndirectInputEvents = YES;
				INFOPLIST_KEY_UILaunchStoryboardName = LaunchScreen;
				INFOPLIST_KEY_UISupportedInterfaceOrientations = UIInterfaceOrientationPortrait;
				IPHONEOS_DEPLOYMENT_TARGET = 16.0;
				LD_RUNPATH_SEARCH_PATHS = (
					"$(inherited)",
					"@executable_path/Frameworks",
				);
				MARKETING_VERSION = 1.0;
				PRODUCT_BUNDLE_IDENTIFIER = "skylab.Uswers-App-UIKit";
				PRODUCT_NAME = "$(TARGET_NAME)";
				SWIFT_EMIT_LOC_STRINGS = YES;
				SWIFT_VERSION = 5.0;
				TARGETED_DEVICE_FAMILY = "1,2";
			};
			name = Debug;
		};
		670699482B5FEC7F00B5DB4A /* Release */ = {
			isa = XCBuildConfiguration;
			buildSettings = {
				ASSETCATALOG_COMPILER_APPICON_NAME = AppIcon;
				ASSETCATALOG_COMPILER_GLOBAL_ACCENT_COLOR_NAME = AccentColor;
				CODE_SIGN_STYLE = Automatic;
				CURRENT_PROJECT_VERSION = 1;
				DEVELOPMENT_TEAM = 5LHF76Y88Y;
				GENERATE_INFOPLIST_FILE = YES;
				INFOPLIST_FILE = "Uswers App UIKit/Info.plist";
				INFOPLIST_KEY_UIApplicationSupportsIndirectInputEvents = YES;
				INFOPLIST_KEY_UILaunchStoryboardName = LaunchScreen;
				INFOPLIST_KEY_UISupportedInterfaceOrientations = UIInterfaceOrientationPortrait;
				IPHONEOS_DEPLOYMENT_TARGET = 16.0;
				LD_RUNPATH_SEARCH_PATHS = (
					"$(inherited)",
					"@executable_path/Frameworks",
				);
				MARKETING_VERSION = 1.0;
				PRODUCT_BUNDLE_IDENTIFIER = "skylab.Uswers-App-UIKit";
				PRODUCT_NAME = "$(TARGET_NAME)";
				SWIFT_EMIT_LOC_STRINGS = YES;
				SWIFT_VERSION = 5.0;
				TARGETED_DEVICE_FAMILY = "1,2";
			};
			name = Release;
		};
		6706994A2B5FEC7F00B5DB4A /* Debug */ = {
			isa = XCBuildConfiguration;
			buildSettings = {
				ALWAYS_EMBED_SWIFT_STANDARD_LIBRARIES = YES;
				BUNDLE_LOADER = "$(TEST_HOST)";
				CODE_SIGN_STYLE = Automatic;
				CURRENT_PROJECT_VERSION = 1;
				DEVELOPMENT_TEAM = 5LHF76Y88Y;
				GENERATE_INFOPLIST_FILE = YES;
				IPHONEOS_DEPLOYMENT_TARGET = 17.2;
				MARKETING_VERSION = 1.0;
				PRODUCT_BUNDLE_IDENTIFIER = "skylab.Uswers-App-UIKitTests";
				PRODUCT_NAME = "$(TARGET_NAME)";
				SWIFT_EMIT_LOC_STRINGS = NO;
				SWIFT_VERSION = 5.0;
				TARGETED_DEVICE_FAMILY = "1,2";
				TEST_HOST = "$(BUILT_PRODUCTS_DIR)/Random Users UIKit.app/$(BUNDLE_EXECUTABLE_FOLDER_PATH)/Random Users UIKit";
			};
			name = Debug;
		};
		6706994B2B5FEC7F00B5DB4A /* Release */ = {
			isa = XCBuildConfiguration;
			buildSettings = {
				ALWAYS_EMBED_SWIFT_STANDARD_LIBRARIES = YES;
				BUNDLE_LOADER = "$(TEST_HOST)";
				CODE_SIGN_STYLE = Automatic;
				CURRENT_PROJECT_VERSION = 1;
				DEVELOPMENT_TEAM = 5LHF76Y88Y;
				GENERATE_INFOPLIST_FILE = YES;
				IPHONEOS_DEPLOYMENT_TARGET = 17.2;
				MARKETING_VERSION = 1.0;
				PRODUCT_BUNDLE_IDENTIFIER = "skylab.Uswers-App-UIKitTests";
				PRODUCT_NAME = "$(TARGET_NAME)";
				SWIFT_EMIT_LOC_STRINGS = NO;
				SWIFT_VERSION = 5.0;
				TARGETED_DEVICE_FAMILY = "1,2";
				TEST_HOST = "$(BUILT_PRODUCTS_DIR)/Random Users UIKit.app/$(BUNDLE_EXECUTABLE_FOLDER_PATH)/Random Users UIKit";
			};
			name = Release;
		};
		6706994D2B5FEC7F00B5DB4A /* Debug */ = {
			isa = XCBuildConfiguration;
			buildSettings = {
				ALWAYS_EMBED_SWIFT_STANDARD_LIBRARIES = YES;
				CODE_SIGN_STYLE = Automatic;
				CURRENT_PROJECT_VERSION = 1;
				DEVELOPMENT_TEAM = 5LHF76Y88Y;
				GENERATE_INFOPLIST_FILE = YES;
				MARKETING_VERSION = 1.0;
				PRODUCT_BUNDLE_IDENTIFIER = "skylab.Uswers-App-UIKitUITests";
				PRODUCT_NAME = "$(TARGET_NAME)";
				PROVISIONING_PROFILE = "";
				SWIFT_EMIT_LOC_STRINGS = NO;
				SWIFT_VERSION = 5.0;
				TARGETED_DEVICE_FAMILY = "1,2";
				TEST_TARGET_NAME = "Random Users UIKit";
			};
			name = Debug;
		};
		6706994E2B5FEC7F00B5DB4A /* Release */ = {
			isa = XCBuildConfiguration;
			buildSettings = {
				ALWAYS_EMBED_SWIFT_STANDARD_LIBRARIES = YES;
				CODE_SIGN_STYLE = Automatic;
				CURRENT_PROJECT_VERSION = 1;
				DEVELOPMENT_TEAM = 5LHF76Y88Y;
				GENERATE_INFOPLIST_FILE = YES;
				MARKETING_VERSION = 1.0;
				PRODUCT_BUNDLE_IDENTIFIER = "skylab.Uswers-App-UIKitUITests";
				PRODUCT_NAME = "$(TARGET_NAME)";
				PROVISIONING_PROFILE = "";
				SWIFT_EMIT_LOC_STRINGS = NO;
				SWIFT_VERSION = 5.0;
				TARGETED_DEVICE_FAMILY = "1,2";
				TEST_TARGET_NAME = "Random Users UIKit";
			};
			name = Release;
		};
/* End XCBuildConfiguration section */

/* Begin XCConfigurationList section */
		670699142B5FEC7E00B5DB4A /* Build configuration list for PBXProject "Random Users UIKit" */ = {
			isa = XCConfigurationList;
			buildConfigurations = (
				670699442B5FEC7F00B5DB4A /* Debug */,
				670699452B5FEC7F00B5DB4A /* Release */,
			);
			defaultConfigurationIsVisible = 0;
			defaultConfigurationName = Release;
		};
		670699462B5FEC7F00B5DB4A /* Build configuration list for PBXNativeTarget "Random Users UIKit" */ = {
			isa = XCConfigurationList;
			buildConfigurations = (
				670699472B5FEC7F00B5DB4A /* Debug */,
				670699482B5FEC7F00B5DB4A /* Release */,
			);
			defaultConfigurationIsVisible = 0;
			defaultConfigurationName = Release;
		};
		670699492B5FEC7F00B5DB4A /* Build configuration list for PBXNativeTarget "Random Users UIKitTests" */ = {
			isa = XCConfigurationList;
			buildConfigurations = (
				6706994A2B5FEC7F00B5DB4A /* Debug */,
				6706994B2B5FEC7F00B5DB4A /* Release */,
			);
			defaultConfigurationIsVisible = 0;
			defaultConfigurationName = Release;
		};
		6706994C2B5FEC7F00B5DB4A /* Build configuration list for PBXNativeTarget "Random Users UIKitUITests" */ = {
			isa = XCConfigurationList;
			buildConfigurations = (
				6706994D2B5FEC7F00B5DB4A /* Debug */,
				6706994E2B5FEC7F00B5DB4A /* Release */,
			);
			defaultConfigurationIsVisible = 0;
			defaultConfigurationName = Release;
		};
/* End XCConfigurationList section */

/* Begin XCVersionGroup section */
		670699252B5FEC7E00B5DB4A /* Users_App_UIKit.xcdatamodeld */ = {
			isa = XCVersionGroup;
			children = (
				670699262B5FEC7E00B5DB4A /* Uswers_App_UIKit.xcdatamodel */,
			);
			currentVersion = 670699262B5FEC7E00B5DB4A /* Uswers_App_UIKit.xcdatamodel */;
			path = Users_App_UIKit.xcdatamodeld;
			sourceTree = "<group>";
			versionGroupType = wrapper.xcdatamodel;
		};
/* End XCVersionGroup section */
	};
	rootObject = 670699112B5FEC7E00B5DB4A /* Project object */;
}
